
Microsoft Visual Studio Solution File, Format Version 12.00
# Visual Studio Version 16
VisualStudioVersion = 16.0.29709.97
MinimumVisualStudioVersion = 10.0.40219.1
Project("{FAE04EC0-301F-11D3-BF4B-00C04F79EFBC}") = "View", "RotulagemNutricional\View.csproj", "{BEE5C887-6126-474B-BA65-458FB6370C6A}"
EndProject
Project("{FAE04EC0-301F-11D3-BF4B-00C04F79EFBC}") = "Model", "Model\Model.csproj", "{4C3D95AB-7A07-4C9A-B2A6-DC399171FA6C}"
EndProject
Project("{FAE04EC0-301F-11D3-BF4B-00C04F79EFBC}") = "Controller", "Controller\Controller.csproj", "{E764FB8D-783D-4C03-B1E3-76F4C893E166}"
EndProject
Global
	GlobalSection(SolutionConfigurationPlatforms) = preSolution
		Debug|Any CPU = Debug|Any CPU
		Release|Any CPU = Release|Any CPU
	EndGlobalSection
	GlobalSection(ProjectConfigurationPlatforms) = postSolution
		{BEE5C887-6126-474B-BA65-458FB6370C6A}.Debug|Any CPU.ActiveCfg = Debug|Any CPU
		{BEE5C887-6126-474B-BA65-458FB6370C6A}.Debug|Any CPU.Build.0 = Debug|Any CPU
		{BEE5C887-6126-474B-BA65-458FB6370C6A}.Release|Any CPU.ActiveCfg = Release|Any CPU
		{BEE5C887-6126-474B-BA65-458FB6370C6A}.Release|Any CPU.Build.0 = Release|Any CPU
		{4C3D95AB-7A07-4C9A-B2A6-DC399171FA6C}.Debug|Any CPU.ActiveCfg = Debug|Any CPU
		{4C3D95AB-7A07-4C9A-B2A6-DC399171FA6C}.Debug|Any CPU.Build.0 = Debug|Any CPU
		{4C3D95AB-7A07-4C9A-B2A6-DC399171FA6C}.Release|Any CPU.ActiveCfg = Release|Any CPU
		{4C3D95AB-7A07-4C9A-B2A6-DC399171FA6C}.Release|Any CPU.Build.0 = Release|Any CPU
		{E764FB8D-783D-4C03-B1E3-76F4C893E166}.Debug|Any CPU.ActiveCfg = Debug|Any CPU
		{E764FB8D-783D-4C03-B1E3-76F4C893E166}.Debug|Any CPU.Build.0 = Debug|Any CPU
		{E764FB8D-783D-4C03-B1E3-76F4C893E166}.Release|Any CPU.ActiveCfg = Release|Any CPU
		{E764FB8D-783D-4C03-B1E3-76F4C893E166}.Release|Any CPU.Build.0 = Release|Any CPU
	EndGlobalSection
	GlobalSection(SolutionProperties) = preSolution
		HideSolutionNode = FALSE
	EndGlobalSection
	GlobalSection(ExtensibilityGlobals) = postSolution
		SolutionGuid = {741D8D87-F82F-498F-9A69-95A4E5BF2FC6}
	EndGlobalSection
EndGlobal
